
Microsoft Visual Studio Solution File, Format Version 12.00
# Visual Studio 15
VisualStudioVersion = 15.0.28307.489
MinimumVisualStudioVersion = 10.0.40219.1
Project("{FAE04EC0-301F-11D3-BF4B-00C04F79EFBC}") = "AsyncWinApp", "AsyncWinApp\AsyncWinApp.csproj", "{5D90B9F7-31CC-42D3-86D3-7194B59DB368}"
EndProject
Global
	GlobalSection(SolutionConfigurationPlatforms) = preSolution
		Debug|Any CPU = Debug|Any CPU
		Release|Any CPU = Release|Any CPU
	EndGlobalSection
	GlobalSection(ProjectConfigurationPlatforms) = postSolution
		{5D90B9F7-31CC-42D3-86D3-7194B59DB368}.Debug|Any CPU.ActiveCfg = Debug|Any CPU
		{5D90B9F7-31CC-42D3-86D3-7194B59DB368}.Debug|Any CPU.Build.0 = Debug|Any CPU
		{5D90B9F7-31CC-42D3-86D3-7194B59DB368}.Release|Any CPU.ActiveCfg = Release|Any CPU
		{5D90B9F7-31CC-42D3-86D3-7194B59DB368}.Release|Any CPU.Build.0 = Release|Any CPU
	EndGlobalSection
	GlobalSection(SolutionProperties) = preSolution
		HideSolutionNode = FALSE
	EndGlobalSection
	GlobalSection(ExtensibilityGlobals) = postSolution
		SolutionGuid = {13414FD0-15E6-4A82-8346-6AE8F9819B85}
	EndGlobalSection
EndGlobal
